
Microsoft Visual Studio Solution File, Format Version 12.00
# Visual Studio 15
VisualStudioVersion = 15.0.28307.271
MinimumVisualStudioVersion = 10.0.40219.1
Project("{9A19103F-16F7-4668-BE54-9A1E7A4F7556}") = "CMHCWebsite.ContentLoader", "CMHCWebsite.ContentLoader\CMHCWebsite.ContentLoader.csproj", "{0453590D-3584-45C6-A0DE-531BFE6B9134}"
EndProject
Project("{9A19103F-16F7-4668-BE54-9A1E7A4F7556}") = "CMHCWebsite.Library", "CMHCWebsite.Library\CMHCWebsite.Library.csproj", "{392375A6-4F2F-42BF-B671-FFAF8C3DC4CE}"
EndProject
Global
	GlobalSection(SolutionConfigurationPlatforms) = preSolution
		Debug|Any CPU = Debug|Any CPU
		Release|Any CPU = Release|Any CPU
	EndGlobalSection
	GlobalSection(ProjectConfigurationPlatforms) = postSolution
		{0453590D-3584-45C6-A0DE-531BFE6B9134}.Debug|Any CPU.ActiveCfg = Debug|Any CPU
		{0453590D-3584-45C6-A0DE-531BFE6B9134}.Debug|Any CPU.Build.0 = Debug|Any CPU
		{0453590D-3584-45C6-A0DE-531BFE6B9134}.Release|Any CPU.ActiveCfg = Release|Any CPU
		{0453590D-3584-45C6-A0DE-531BFE6B9134}.Release|Any CPU.Build.0 = Release|Any CPU
		{392375A6-4F2F-42BF-B671-FFAF8C3DC4CE}.Debug|Any CPU.ActiveCfg = Debug|Any CPU
		{392375A6-4F2F-42BF-B671-FFAF8C3DC4CE}.Debug|Any CPU.Build.0 = Debug|Any CPU
		{392375A6-4F2F-42BF-B671-FFAF8C3DC4CE}.Release|Any CPU.ActiveCfg = Release|Any CPU
		{392375A6-4F2F-42BF-B671-FFAF8C3DC4CE}.Release|Any CPU.Build.0 = Release|Any CPU
	EndGlobalSection
	GlobalSection(SolutionProperties) = preSolution
		HideSolutionNode = FALSE
	EndGlobalSection
	GlobalSection(ExtensibilityGlobals) = postSolution
		SolutionGuid = {8C0DEACE-989E-4AE8-A481-215CFD60C1E9}
	EndGlobalSection
EndGlobal
