
Microsoft Visual Studio Solution File, Format Version 12.00
# Visual Studio 15
VisualStudioVersion = 15.0.28307.271
MinimumVisualStudioVersion = 10.0.40219.1
Project("{9A19103F-16F7-4668-BE54-9A1E7A4F7556}") = "CMHCWebsite.ContentLoader", "CMHCWebsite.ContentLoader.csproj", "{156EFD9C-26A1-42D4-BE5F-10F3F68BA9FF}"
EndProject
Global
	GlobalSection(SolutionConfigurationPlatforms) = preSolution
		Debug|Any CPU = Debug|Any CPU
		Release|Any CPU = Release|Any CPU
	EndGlobalSection
	GlobalSection(ProjectConfigurationPlatforms) = postSolution
		{156EFD9C-26A1-42D4-BE5F-10F3F68BA9FF}.Debug|Any CPU.ActiveCfg = Debug|Any CPU
		{156EFD9C-26A1-42D4-BE5F-10F3F68BA9FF}.Debug|Any CPU.Build.0 = Debug|Any CPU
		{156EFD9C-26A1-42D4-BE5F-10F3F68BA9FF}.Release|Any CPU.ActiveCfg = Release|Any CPU
		{156EFD9C-26A1-42D4-BE5F-10F3F68BA9FF}.Release|Any CPU.Build.0 = Release|Any CPU
	EndGlobalSection
	GlobalSection(SolutionProperties) = preSolution
		HideSolutionNode = FALSE
	EndGlobalSection
	GlobalSection(ExtensibilityGlobals) = postSolution
		SolutionGuid = {8C0DEACE-989E-4AE8-A481-215CFD60C1E9}
	EndGlobalSection
EndGlobal
